dependencies:
  idf:
    component_hash: null
    source:
      type: idf
    version: 5.2.1
  protocol_examples_common:
    component_hash: null
    source:
      path: C:\Users\Admin\esp\v5.2.1\esp-idf\examples\common_components\protocol_examples_common
      type: local
    version: '*'
manifest_hash: b38bb4600479c96fe2970671bc7bc8f336ddf467f08f5367fff51dd83cd6774c
target: esp32
version: 1.0.0
